
Microsoft Visual Studio Solution File, Format Version 12.00
# Visual Studio Version 17
VisualStudioVersion = 17.4.33122.133
MinimumVisualStudioVersion = 10.0.40219.1
Project("{9A19103F-16F7-4668-BE54-9A1E7A4F7556}") = "TradingHaltAPI", "TradingHaltAPI\TradingHaltAPI.csproj", "{EC9F94E8-DFFB-46B9-B822-DD77E5F27C97}"
EndProject
Project("{FAE04EC0-301F-11D3-BF4B-00C04F79EFBC}") = "TradingHaltLibrary", "TradingHaltLibrary\TradingHaltLibrary.csproj", "{5A3120C3-BE64-4BAF-B727-F5B6F6A61416}"
EndProject
Project("{FAE04EC0-301F-11D3-BF4B-00C04F79EFBC}") = "TradingHaltTEST", "TradingHaltTEST\TradingHaltTEST.csproj", "{FAFF285B-EC90-425F-89A2-BF5DDF2A0E70}"
EndProject
Global
	GlobalSection(SolutionConfigurationPlatforms) = preSolution
		Debug|Any CPU = Debug|Any CPU
		Release|Any CPU = Release|Any CPU
	EndGlobalSection
	GlobalSection(ProjectConfigurationPlatforms) = postSolution
		{EC9F94E8-DFFB-46B9-B822-DD77E5F27C97}.Debug|Any CPU.ActiveCfg = Debug|Any CPU
		{EC9F94E8-DFFB-46B9-B822-DD77E5F27C97}.Debug|Any CPU.Build.0 = Debug|Any CPU
		{EC9F94E8-DFFB-46B9-B822-DD77E5F27C97}.Release|Any CPU.ActiveCfg = Release|Any CPU
		{EC9F94E8-DFFB-46B9-B822-DD77E5F27C97}.Release|Any CPU.Build.0 = Release|Any CPU
		{5A3120C3-BE64-4BAF-B727-F5B6F6A61416}.Debug|Any CPU.ActiveCfg = Debug|Any CPU
		{5A3120C3-BE64-4BAF-B727-F5B6F6A61416}.Debug|Any CPU.Build.0 = Debug|Any CPU
		{5A3120C3-BE64-4BAF-B727-F5B6F6A61416}.Release|Any CPU.ActiveCfg = Release|Any CPU
		{5A3120C3-BE64-4BAF-B727-F5B6F6A61416}.Release|Any CPU.Build.0 = Release|Any CPU
		{FAFF285B-EC90-425F-89A2-BF5DDF2A0E70}.Debug|Any CPU.ActiveCfg = Debug|Any CPU
		{FAFF285B-EC90-425F-89A2-BF5DDF2A0E70}.Debug|Any CPU.Build.0 = Debug|Any CPU
		{FAFF285B-EC90-425F-89A2-BF5DDF2A0E70}.Release|Any CPU.ActiveCfg = Release|Any CPU
		{FAFF285B-EC90-425F-89A2-BF5DDF2A0E70}.Release|Any CPU.Build.0 = Release|Any CPU
	EndGlobalSection
	GlobalSection(SolutionProperties) = preSolution
		HideSolutionNode = FALSE
	EndGlobalSection
	GlobalSection(ExtensibilityGlobals) = postSolution
		SolutionGuid = {D1E57C38-9580-4863-8163-DB635F2F5515}
	EndGlobalSection
EndGlobal
